{
  "name": "cad2gis-webdemo",
  "version": "0.1.0",
  "lockfileVersion": 3,
  "requires": true,
  "packages": {
    "": {
      "name": "cad2gis-webdemo",
      "version": "0.1.0",
      "dependencies": {
        "@wenhaoqi/wasm_design_utils": "^0.2.0"
      }
    },
    "node_modules/@wenhaoqi/wasm_design_utils": {
      "version": "0.2.0",
      "resolved": "https://registry.npmjs.org/@wenhaoqi/wasm_design_utils/-/wasm_design_utils-0.2.0.tgz",
      "integrity": "sha512-y2lDI1rNC/APQqs+bZ/eQiL7vBUcxiTVSKlq3aEJFyJcxaRHGOMErWunrK4DbNB2ZpRj43yal2oSX9lxeD9Nrg==",
      "license": "MIT",
      "engines": {
        "node": ">=18"
      }
    }
  }
}
